
Microsoft Visual Studio Solution File, Format Version 12.00
# Visual Studio 14
VisualStudioVersion = 14.0.24720.0
MinimumVisualStudioVersion = 10.0.40219.1
Project("{FAE04EC0-301F-11D3-BF4B-00C04F79EFBC}") = "01 - Schema", "Case3.PcSBestellen.Schema\01 - Schema.csproj", "{0CEB091A-9056-4BD0-87D2-864BF8FDF5C4}"
EndProject
Project("{FAE04EC0-301F-11D3-BF4B-00C04F79EFBC}") = "04 - Implementation", "Case3.PcSBestellen.Implementation\04 - Implementation.csproj", "{3520EB86-5DD7-424F-A046-219231FE7C83}"
EndProject
Project("{FAE04EC0-301F-11D3-BF4B-00C04F79EFBC}") = "06 - DAL", "Case3.PcSBestellen.DAL\06 - DAL.csproj", "{5F4DFD8E-B602-4D1D-9613-0CD6357A3FF7}"
EndProject
Project("{FAE04EC0-301F-11D3-BF4B-00C04F79EFBC}") = "08 - Entities", "Case3.PcSBestellen.Entities\08 - Entities.csproj", "{69E6C0B5-BD9B-4641-9238-C0E9C54F1766}"
EndProject
Project("{FAE04EC0-301F-11D3-BF4B-00C04F79EFBC}") = "09 - Agent", "Case3.PcSBestellen.Agent\09 - Agent.csproj", "{91AC1292-B089-46EA-8CCA-0919B6CE637A}"
EndProject
Project("{FAE04EC0-301F-11D3-BF4B-00C04F79EFBC}") = "07 - DAL.Tests", "Case3.PcSBestellen.DAL.Tests\07 - DAL.Tests.csproj", "{580346BB-1BC8-4459-BE7E-E4FECEE64F95}"
EndProject
Project("{FAE04EC0-301F-11D3-BF4B-00C04F79EFBC}") = "05 - Implementation.Tests", "Case3.PcSBestellen.Implementation.Tests\05 - Implementation.Tests.csproj", "{649E3F8B-2046-4F33-B645-587431FAE382}"
EndProject
Project("{FAE04EC0-301F-11D3-BF4B-00C04F79EFBC}") = "02 - Contract", "Case3.PcSBestellen.Contract\02 - Contract.csproj", "{3AC7389B-7507-4B69-93EB-181A1B917801}"
EndProject
Project("{FAE04EC0-301F-11D3-BF4B-00C04F79EFBC}") = "03 - Host", "Case3.PcSWinkelen.Host\03 - Host.csproj", "{7A4D967C-5151-41A2-AF0E-62DC54DB712B}"
EndProject
Project("{FAE04EC0-301F-11D3-BF4B-00C04F79EFBC}") = "10 - Agent.Tests", "Case3.PcSBestellen.Agent.Tests\10 - Agent.Tests.csproj", "{05F97430-6546-481D-8492-F52B76239D0C}"
EndProject
Global
	GlobalSection(SolutionConfigurationPlatforms) = preSolution
		Acceptatie|Any CPU = Acceptatie|Any CPU
		Debug|Any CPU = Debug|Any CPU
		Release|Any CPU = Release|Any CPU
	EndGlobalSection
	GlobalSection(ProjectConfigurationPlatforms) = postSolution
		{0CEB091A-9056-4BD0-87D2-864BF8FDF5C4}.Acceptatie|Any CPU.ActiveCfg = Acceptatie|Any CPU
		{0CEB091A-9056-4BD0-87D2-864BF8FDF5C4}.Acceptatie|Any CPU.Build.0 = Acceptatie|Any CPU
		{0CEB091A-9056-4BD0-87D2-864BF8FDF5C4}.Debug|Any CPU.ActiveCfg = Debug|Any CPU
		{0CEB091A-9056-4BD0-87D2-864BF8FDF5C4}.Debug|Any CPU.Build.0 = Debug|Any CPU
		{0CEB091A-9056-4BD0-87D2-864BF8FDF5C4}.Release|Any CPU.ActiveCfg = Release|Any CPU
		{0CEB091A-9056-4BD0-87D2-864BF8FDF5C4}.Release|Any CPU.Build.0 = Release|Any CPU
		{3520EB86-5DD7-424F-A046-219231FE7C83}.Acceptatie|Any CPU.ActiveCfg = Acceptatie|Any CPU
		{3520EB86-5DD7-424F-A046-219231FE7C83}.Acceptatie|Any CPU.Build.0 = Acceptatie|Any CPU
		{3520EB86-5DD7-424F-A046-219231FE7C83}.Debug|Any CPU.ActiveCfg = Debug|Any CPU
		{3520EB86-5DD7-424F-A046-219231FE7C83}.Debug|Any CPU.Build.0 = Debug|Any CPU
		{3520EB86-5DD7-424F-A046-219231FE7C83}.Release|Any CPU.ActiveCfg = Release|Any CPU
		{3520EB86-5DD7-424F-A046-219231FE7C83}.Release|Any CPU.Build.0 = Release|Any CPU
		{5F4DFD8E-B602-4D1D-9613-0CD6357A3FF7}.Acceptatie|Any CPU.ActiveCfg = Acceptatie|Any CPU
		{5F4DFD8E-B602-4D1D-9613-0CD6357A3FF7}.Acceptatie|Any CPU.Build.0 = Acceptatie|Any CPU
		{5F4DFD8E-B602-4D1D-9613-0CD6357A3FF7}.Debug|Any CPU.ActiveCfg = Debug|Any CPU
		{5F4DFD8E-B602-4D1D-9613-0CD6357A3FF7}.Debug|Any CPU.Build.0 = Debug|Any CPU
		{5F4DFD8E-B602-4D1D-9613-0CD6357A3FF7}.Release|Any CPU.ActiveCfg = Release|Any CPU
		{5F4DFD8E-B602-4D1D-9613-0CD6357A3FF7}.Release|Any CPU.Build.0 = Release|Any CPU
		{69E6C0B5-BD9B-4641-9238-C0E9C54F1766}.Acceptatie|Any CPU.ActiveCfg = Acceptatie|Any CPU
		{69E6C0B5-BD9B-4641-9238-C0E9C54F1766}.Acceptatie|Any CPU.Build.0 = Acceptatie|Any CPU
		{69E6C0B5-BD9B-4641-9238-C0E9C54F1766}.Debug|Any CPU.ActiveCfg = Debug|Any CPU
		{69E6C0B5-BD9B-4641-9238-C0E9C54F1766}.Debug|Any CPU.Build.0 = Debug|Any CPU
		{69E6C0B5-BD9B-4641-9238-C0E9C54F1766}.Release|Any CPU.ActiveCfg = Release|Any CPU
		{69E6C0B5-BD9B-4641-9238-C0E9C54F1766}.Release|Any CPU.Build.0 = Release|Any CPU
		{91AC1292-B089-46EA-8CCA-0919B6CE637A}.Acceptatie|Any CPU.ActiveCfg = Acceptatie|Any CPU
		{91AC1292-B089-46EA-8CCA-0919B6CE637A}.Acceptatie|Any CPU.Build.0 = Acceptatie|Any CPU
		{91AC1292-B089-46EA-8CCA-0919B6CE637A}.Debug|Any CPU.ActiveCfg = Debug|Any CPU
		{91AC1292-B089-46EA-8CCA-0919B6CE637A}.Debug|Any CPU.Build.0 = Debug|Any CPU
		{91AC1292-B089-46EA-8CCA-0919B6CE637A}.Release|Any CPU.ActiveCfg = Release|Any CPU
		{91AC1292-B089-46EA-8CCA-0919B6CE637A}.Release|Any CPU.Build.0 = Release|Any CPU
		{580346BB-1BC8-4459-BE7E-E4FECEE64F95}.Acceptatie|Any CPU.ActiveCfg = Acceptatie|Any CPU
		{580346BB-1BC8-4459-BE7E-E4FECEE64F95}.Acceptatie|Any CPU.Build.0 = Acceptatie|Any CPU
		{580346BB-1BC8-4459-BE7E-E4FECEE64F95}.Debug|Any CPU.ActiveCfg = Debug|Any CPU
		{580346BB-1BC8-4459-BE7E-E4FECEE64F95}.Debug|Any CPU.Build.0 = Debug|Any CPU
		{580346BB-1BC8-4459-BE7E-E4FECEE64F95}.Release|Any CPU.ActiveCfg = Release|Any CPU
		{580346BB-1BC8-4459-BE7E-E4FECEE64F95}.Release|Any CPU.Build.0 = Release|Any CPU
		{649E3F8B-2046-4F33-B645-587431FAE382}.Acceptatie|Any CPU.ActiveCfg = Acceptatie|Any CPU
		{649E3F8B-2046-4F33-B645-587431FAE382}.Acceptatie|Any CPU.Build.0 = Acceptatie|Any CPU
		{649E3F8B-2046-4F33-B645-587431FAE382}.Debug|Any CPU.ActiveCfg = Debug|Any CPU
		{649E3F8B-2046-4F33-B645-587431FAE382}.Debug|Any CPU.Build.0 = Debug|Any CPU
		{649E3F8B-2046-4F33-B645-587431FAE382}.Release|Any CPU.ActiveCfg = Release|Any CPU
		{649E3F8B-2046-4F33-B645-587431FAE382}.Release|Any CPU.Build.0 = Release|Any CPU
		{3AC7389B-7507-4B69-93EB-181A1B917801}.Acceptatie|Any CPU.ActiveCfg = Acceptatie|Any CPU
		{3AC7389B-7507-4B69-93EB-181A1B917801}.Acceptatie|Any CPU.Build.0 = Acceptatie|Any CPU
		{3AC7389B-7507-4B69-93EB-181A1B917801}.Debug|Any CPU.ActiveCfg = Debug|Any CPU
		{3AC7389B-7507-4B69-93EB-181A1B917801}.Debug|Any CPU.Build.0 = Debug|Any CPU
		{3AC7389B-7507-4B69-93EB-181A1B917801}.Release|Any CPU.ActiveCfg = Release|Any CPU
		{3AC7389B-7507-4B69-93EB-181A1B917801}.Release|Any CPU.Build.0 = Release|Any CPU
		{7A4D967C-5151-41A2-AF0E-62DC54DB712B}.Acceptatie|Any CPU.ActiveCfg = Acceptatie|Any CPU
		{7A4D967C-5151-41A2-AF0E-62DC54DB712B}.Acceptatie|Any CPU.Build.0 = Acceptatie|Any CPU
		{7A4D967C-5151-41A2-AF0E-62DC54DB712B}.Debug|Any CPU.ActiveCfg = Debug|Any CPU
		{7A4D967C-5151-41A2-AF0E-62DC54DB712B}.Debug|Any CPU.Build.0 = Debug|Any CPU
		{7A4D967C-5151-41A2-AF0E-62DC54DB712B}.Release|Any CPU.ActiveCfg = Release|Any CPU
		{7A4D967C-5151-41A2-AF0E-62DC54DB712B}.Release|Any CPU.Build.0 = Release|Any CPU
		{05F97430-6546-481D-8492-F52B76239D0C}.Acceptatie|Any CPU.ActiveCfg = Acceptatie|Any CPU
		{05F97430-6546-481D-8492-F52B76239D0C}.Acceptatie|Any CPU.Build.0 = Acceptatie|Any CPU
		{05F97430-6546-481D-8492-F52B76239D0C}.Debug|Any CPU.ActiveCfg = Debug|Any CPU
		{05F97430-6546-481D-8492-F52B76239D0C}.Debug|Any CPU.Build.0 = Debug|Any CPU
		{05F97430-6546-481D-8492-F52B76239D0C}.Release|Any CPU.ActiveCfg = Release|Any CPU
		{05F97430-6546-481D-8492-F52B76239D0C}.Release|Any CPU.Build.0 = Release|Any CPU
	EndGlobalSection
	GlobalSection(SolutionProperties) = preSolution
		HideSolutionNode = FALSE
	EndGlobalSection
EndGlobal
