
Microsoft Visual Studio Solution File, Format Version 12.00
# Visual Studio 14
VisualStudioVersion = 14.0.23107.0
MinimumVisualStudioVersion = 10.0.40219.1
Project("{2150E333-8FDC-42A3-9474-1A3956D46DE8}") = "BSKlantbeheer", "BSKlantbeheer", "{3E39BF98-E996-41DD-A9D3-18149FF0DA30}"
	ProjectSection(SolutionItems) = preProject
		03-BSKlantbeheer\Schema\Case3.BSKlantbeheer.V1.Messages.xsd = 03-BSKlantbeheer\Schema\Case3.BSKlantbeheer.V1.Messages.xsd
		03-BSKlantbeheer\Schema\Case3.BSKlantbeheer.V1.Schema.xsd = 03-BSKlantbeheer\Schema\Case3.BSKlantbeheer.V1.Schema.xsd
	EndProjectSection
EndProject
Project("{2150E333-8FDC-42A3-9474-1A3956D46DE8}") = "BSBestellingenbeheer", "BSBestellingenbeheer", "{195072D7-AC99-4B88-956D-5C4645DDC340}"
	ProjectSection(SolutionItems) = preProject
		04-BSBestellingenbeheer\Schema\Case3.BSBestellingenbeheer.V1.Messages.xsd = 04-BSBestellingenbeheer\Schema\Case3.BSBestellingenbeheer.V1.Messages.xsd
		04-BSBestellingenbeheer\Schema\Case3.BSBestellingenbeheer.V1.Schema.xsd = 04-BSBestellingenbeheer\Schema\Case3.BSBestellingenbeheer.V1.Schema.xsd
	EndProjectSection
EndProject
Project("{2150E333-8FDC-42A3-9474-1A3956D46DE8}") = "PcSWinkelen", "PcSWinkelen", "{8BEB941D-A158-4623-92DF-E846ECDE9863}"
	ProjectSection(SolutionItems) = preProject
		05-PcSWinkelen\Schema\Case3.PcSWinkelen.V1.Messages.xsd = 05-PcSWinkelen\Schema\Case3.PcSWinkelen.V1.Messages.xsd
		05-PcSWinkelen\Schema\Case3.PcSWinkelen.V1.Schema.xsd = 05-PcSWinkelen\Schema\Case3.PcSWinkelen.V1.Schema.xsd
	EndProjectSection
EndProject
Project("{2150E333-8FDC-42A3-9474-1A3956D46DE8}") = "PcSBestellen", "PcSBestellen", "{D192B03C-FAFC-4ECE-B689-6C1415E5DB18}"
	ProjectSection(SolutionItems) = preProject
		06-PcSBestellen\Schema\Case3.PcSBestellen.V1.Messages.xsd = 06-PcSBestellen\Schema\Case3.PcSBestellen.V1.Messages.xsd
		06-PcSBestellen\Schema\Case3.PcSBestellen.V1.Schema.xsd = 06-PcSBestellen\Schema\Case3.PcSBestellen.V1.Schema.xsd
	EndProjectSection
EndProject
Project("{2150E333-8FDC-42A3-9474-1A3956D46DE8}") = "BSCatalogusbeheer", "BSCatalogusbeheer", "{C36245A3-26D1-400D-8CEF-81A8CE337619}"
	ProjectSection(SolutionItems) = preProject
		BSCatalogusBeheer\V1\Categorie.xsd = BSCatalogusBeheer\V1\Categorie.xsd
		BSCatalogusBeheer\V1\Leverancier.xsd = BSCatalogusBeheer\V1\Leverancier.xsd
		BSCatalogusBeheer\V1\MessagesBSCatalogusBeheer.xsd = BSCatalogusBeheer\V1\MessagesBSCatalogusBeheer.xsd
		BSCatalogusBeheer\V1\Product.xsd = BSCatalogusBeheer\V1\Product.xsd
		BSCatalogusBeheer\V1\ProductRef.xsd = BSCatalogusBeheer\V1\ProductRef.xsd
		BSCatalogusBeheer\V1\ProductUpdate.xsd = BSCatalogusBeheer\V1\ProductUpdate.xsd
		BSCatalogusBeheer\V1\ProductUpdateResultaat.xsd = BSCatalogusBeheer\V1\ProductUpdateResultaat.xsd
		BSCatalogusBeheer\V1\Sorteerrichting.xsd = BSCatalogusBeheer\V1\Sorteerrichting.xsd
		BSCatalogusBeheer\V1\Sorteerveld.xsd = BSCatalogusBeheer\V1\Sorteerveld.xsd
		BSCatalogusBeheer\V1\UpdateActie.xsd = BSCatalogusBeheer\V1\UpdateActie.xsd
	EndProjectSection
EndProject
Project("{2150E333-8FDC-42A3-9474-1A3956D46DE8}") = "BSVoorraadbeheer", "BSVoorraadbeheer", "{9BF9C585-3AC0-4462-B30B-037F1A3C3419}"
	ProjectSection(SolutionItems) = preProject
		BSVoorraadBeheer\V1\MessagesBSVoorraadBeheer.xsd = BSVoorraadBeheer\V1\MessagesBSVoorraadBeheer.xsd
		BSVoorraadBeheer\V1\ProductVoorraad.xsd = BSVoorraadBeheer\V1\ProductVoorraad.xsd
		BSVoorraadBeheer\V1\UpdateActie.xsd = BSVoorraadBeheer\V1\UpdateActie.xsd
		BSVoorraadBeheer\V1\UpdateProductVoorraad.xsd = BSVoorraadBeheer\V1\UpdateProductVoorraad.xsd
	EndProjectSection
EndProject
Global
	GlobalSection(SolutionProperties) = preSolution
		HideSolutionNode = FALSE
	EndGlobalSection
EndGlobal
