
Microsoft Visual Studio Solution File, Format Version 12.00
# Visual Studio 14
VisualStudioVersion = 14.0.24720.0
MinimumVisualStudioVersion = 10.0.40219.1
Project("{FAE04EC0-301F-11D3-BF4B-00C04F79EFBC}") = "04 - Implementation", "Case3.PcSWinkelen.Implementation\04 - Implementation.csproj", "{4B579CB9-6F8F-429A-BBBB-33D25A443324}"
EndProject
Project("{FAE04EC0-301F-11D3-BF4B-00C04F79EFBC}") = "06 - DAL", "Case3.PcSWinkelen.DAL\06 - DAL.csproj", "{9F9925B2-B276-40ED-A8A9-658D701FA877}"
EndProject
Project("{FAE04EC0-301F-11D3-BF4B-00C04F79EFBC}") = "08 - Entities", "Case3.PcSWinkelen.Entities\08 - Entities.csproj", "{949FB4D2-FEB9-44EC-93BA-359C1BBCD860}"
EndProject
Project("{FAE04EC0-301F-11D3-BF4B-00C04F79EFBC}") = "09 - Agent", "Case3.PcSWinkelen.Agent\09 - Agent.csproj", "{A0BE951E-3160-4DCB-916B-86D8C348BD91}"
EndProject
Project("{FAE04EC0-301F-11D3-BF4B-00C04F79EFBC}") = "05 - Implementation.Tests", "Case3.PcSWinkelen.Implementation.Tests\05 - Implementation.Tests.csproj", "{1877EC24-C336-4338-9B9B-1721A93F5BBD}"
EndProject
Project("{FAE04EC0-301F-11D3-BF4B-00C04F79EFBC}") = "07 - DAL.Tests", "Case3.PcSWinkelen.DAL.Tests\07 - DAL.Tests.csproj", "{6305A3CE-8BA5-49C0-BEDB-365027B257E3}"
EndProject
Project("{FAE04EC0-301F-11D3-BF4B-00C04F79EFBC}") = "10 - Agent.Tests", "Case3.PcSWinkelen.Agent.Tests\10 - Agent.Tests.csproj", "{FB8C8E5E-05EB-4583-B83C-61C80C1CF973}"
EndProject
Project("{FAE04EC0-301F-11D3-BF4B-00C04F79EFBC}") = "02 - Contract", "Case3.PcSWinkelen.Contract\02 - Contract.csproj", "{C458B7EA-6BFB-4C2F-A3DC-485B452C0F0E}"
EndProject
Project("{FAE04EC0-301F-11D3-BF4B-00C04F79EFBC}") = "03 - Host", "Case3.PcSWinkelen.Host\03 - Host.csproj", "{53C3C7B8-4E84-4A7F-BDD5-471B3B946289}"
EndProject
Project("{FAE04EC0-301F-11D3-BF4B-00C04F79EFBC}") = "01a-BSCatalogusbeheerSchema", "Case3.PcSWinkelen.BSCatalogusbeheerSchema\01a-BSCatalogusbeheerSchema.csproj", "{1B0325D0-D374-4EB1-ABE7-13A77C885F14}"
EndProject
Project("{FAE04EC0-301F-11D3-BF4B-00C04F79EFBC}") = "01b-BSVoorraadbeheerSchema", "Case3.PcSWinkelen.BSVoorraadbeheerSchema\01b-BSVoorraadbeheerSchema.csproj", "{495EEFFC-6B29-42BA-BC94-FC745FC00ABE}"
EndProject
Project("{FAE04EC0-301F-11D3-BF4B-00C04F79EFBC}") = "01d-PcSWinkelenSchema", "Case3.PcSWinkelen.PcSWinkelenSchema\01d-PcSWinkelenSchema.csproj", "{2742240D-A070-44A7-8560-8C8BA25A1C7B}"
EndProject
Project("{FAE04EC0-301F-11D3-BF4B-00C04F79EFBC}") = "01c-PcSBestellenSchema", "Case3.PcSWinkelen.PcSBestellenSchema\01c-PcSBestellenSchema.csproj", "{BE21D871-9ECD-49AD-A204-9E4AAEFC96F4}"
EndProject
Global
	GlobalSection(SolutionConfigurationPlatforms) = preSolution
		Acceptatie|Any CPU = Acceptatie|Any CPU
		Debug|Any CPU = Debug|Any CPU
		DebugWithoutBuild|Any CPU = DebugWithoutBuild|Any CPU
		Release|Any CPU = Release|Any CPU
	EndGlobalSection
	GlobalSection(ProjectConfigurationPlatforms) = postSolution
		{4B579CB9-6F8F-429A-BBBB-33D25A443324}.Acceptatie|Any CPU.ActiveCfg = Acceptatie|Any CPU
		{4B579CB9-6F8F-429A-BBBB-33D25A443324}.Acceptatie|Any CPU.Build.0 = Acceptatie|Any CPU
		{4B579CB9-6F8F-429A-BBBB-33D25A443324}.Debug|Any CPU.ActiveCfg = Debug|Any CPU
		{4B579CB9-6F8F-429A-BBBB-33D25A443324}.Debug|Any CPU.Build.0 = Debug|Any CPU
		{4B579CB9-6F8F-429A-BBBB-33D25A443324}.DebugWithoutBuild|Any CPU.ActiveCfg = DebugWithoutBuild|Any CPU
		{4B579CB9-6F8F-429A-BBBB-33D25A443324}.DebugWithoutBuild|Any CPU.Build.0 = DebugWithoutBuild|Any CPU
		{4B579CB9-6F8F-429A-BBBB-33D25A443324}.Release|Any CPU.ActiveCfg = Release|Any CPU
		{4B579CB9-6F8F-429A-BBBB-33D25A443324}.Release|Any CPU.Build.0 = Release|Any CPU
		{9F9925B2-B276-40ED-A8A9-658D701FA877}.Acceptatie|Any CPU.ActiveCfg = Acceptatie|Any CPU
		{9F9925B2-B276-40ED-A8A9-658D701FA877}.Acceptatie|Any CPU.Build.0 = Acceptatie|Any CPU
		{9F9925B2-B276-40ED-A8A9-658D701FA877}.Debug|Any CPU.ActiveCfg = Debug|Any CPU
		{9F9925B2-B276-40ED-A8A9-658D701FA877}.Debug|Any CPU.Build.0 = Debug|Any CPU
		{9F9925B2-B276-40ED-A8A9-658D701FA877}.DebugWithoutBuild|Any CPU.ActiveCfg = DebugWithoutBuild|Any CPU
		{9F9925B2-B276-40ED-A8A9-658D701FA877}.DebugWithoutBuild|Any CPU.Build.0 = DebugWithoutBuild|Any CPU
		{9F9925B2-B276-40ED-A8A9-658D701FA877}.Release|Any CPU.ActiveCfg = Release|Any CPU
		{9F9925B2-B276-40ED-A8A9-658D701FA877}.Release|Any CPU.Build.0 = Release|Any CPU
		{949FB4D2-FEB9-44EC-93BA-359C1BBCD860}.Acceptatie|Any CPU.ActiveCfg = Acceptatie|Any CPU
		{949FB4D2-FEB9-44EC-93BA-359C1BBCD860}.Acceptatie|Any CPU.Build.0 = Acceptatie|Any CPU
		{949FB4D2-FEB9-44EC-93BA-359C1BBCD860}.Debug|Any CPU.ActiveCfg = Debug|Any CPU
		{949FB4D2-FEB9-44EC-93BA-359C1BBCD860}.Debug|Any CPU.Build.0 = Debug|Any CPU
		{949FB4D2-FEB9-44EC-93BA-359C1BBCD860}.DebugWithoutBuild|Any CPU.ActiveCfg = DebugWithoutBuild|Any CPU
		{949FB4D2-FEB9-44EC-93BA-359C1BBCD860}.DebugWithoutBuild|Any CPU.Build.0 = DebugWithoutBuild|Any CPU
		{949FB4D2-FEB9-44EC-93BA-359C1BBCD860}.Release|Any CPU.ActiveCfg = Release|Any CPU
		{949FB4D2-FEB9-44EC-93BA-359C1BBCD860}.Release|Any CPU.Build.0 = Release|Any CPU
		{A0BE951E-3160-4DCB-916B-86D8C348BD91}.Acceptatie|Any CPU.ActiveCfg = Acceptatie|Any CPU
		{A0BE951E-3160-4DCB-916B-86D8C348BD91}.Acceptatie|Any CPU.Build.0 = Acceptatie|Any CPU
		{A0BE951E-3160-4DCB-916B-86D8C348BD91}.Debug|Any CPU.ActiveCfg = Debug|Any CPU
		{A0BE951E-3160-4DCB-916B-86D8C348BD91}.Debug|Any CPU.Build.0 = Debug|Any CPU
		{A0BE951E-3160-4DCB-916B-86D8C348BD91}.DebugWithoutBuild|Any CPU.ActiveCfg = DebugWithoutBuild|Any CPU
		{A0BE951E-3160-4DCB-916B-86D8C348BD91}.DebugWithoutBuild|Any CPU.Build.0 = DebugWithoutBuild|Any CPU
		{A0BE951E-3160-4DCB-916B-86D8C348BD91}.Release|Any CPU.ActiveCfg = Release|Any CPU
		{A0BE951E-3160-4DCB-916B-86D8C348BD91}.Release|Any CPU.Build.0 = Release|Any CPU
		{1877EC24-C336-4338-9B9B-1721A93F5BBD}.Acceptatie|Any CPU.ActiveCfg = Acceptatie|Any CPU
		{1877EC24-C336-4338-9B9B-1721A93F5BBD}.Acceptatie|Any CPU.Build.0 = Acceptatie|Any CPU
		{1877EC24-C336-4338-9B9B-1721A93F5BBD}.Debug|Any CPU.ActiveCfg = Debug|Any CPU
		{1877EC24-C336-4338-9B9B-1721A93F5BBD}.Debug|Any CPU.Build.0 = Debug|Any CPU
		{1877EC24-C336-4338-9B9B-1721A93F5BBD}.DebugWithoutBuild|Any CPU.ActiveCfg = DebugWithoutBuild|Any CPU
		{1877EC24-C336-4338-9B9B-1721A93F5BBD}.DebugWithoutBuild|Any CPU.Build.0 = DebugWithoutBuild|Any CPU
		{1877EC24-C336-4338-9B9B-1721A93F5BBD}.Release|Any CPU.ActiveCfg = Release|Any CPU
		{1877EC24-C336-4338-9B9B-1721A93F5BBD}.Release|Any CPU.Build.0 = Release|Any CPU
		{6305A3CE-8BA5-49C0-BEDB-365027B257E3}.Acceptatie|Any CPU.ActiveCfg = Acceptatie|Any CPU
		{6305A3CE-8BA5-49C0-BEDB-365027B257E3}.Acceptatie|Any CPU.Build.0 = Acceptatie|Any CPU
		{6305A3CE-8BA5-49C0-BEDB-365027B257E3}.Debug|Any CPU.ActiveCfg = Debug|Any CPU
		{6305A3CE-8BA5-49C0-BEDB-365027B257E3}.Debug|Any CPU.Build.0 = Debug|Any CPU
		{6305A3CE-8BA5-49C0-BEDB-365027B257E3}.DebugWithoutBuild|Any CPU.ActiveCfg = DebugWithoutBuild|Any CPU
		{6305A3CE-8BA5-49C0-BEDB-365027B257E3}.DebugWithoutBuild|Any CPU.Build.0 = DebugWithoutBuild|Any CPU
		{6305A3CE-8BA5-49C0-BEDB-365027B257E3}.Release|Any CPU.ActiveCfg = Release|Any CPU
		{6305A3CE-8BA5-49C0-BEDB-365027B257E3}.Release|Any CPU.Build.0 = Release|Any CPU
		{FB8C8E5E-05EB-4583-B83C-61C80C1CF973}.Acceptatie|Any CPU.ActiveCfg = Acceptatie|Any CPU
		{FB8C8E5E-05EB-4583-B83C-61C80C1CF973}.Acceptatie|Any CPU.Build.0 = Acceptatie|Any CPU
		{FB8C8E5E-05EB-4583-B83C-61C80C1CF973}.Debug|Any CPU.ActiveCfg = Debug|Any CPU
		{FB8C8E5E-05EB-4583-B83C-61C80C1CF973}.Debug|Any CPU.Build.0 = Debug|Any CPU
		{FB8C8E5E-05EB-4583-B83C-61C80C1CF973}.DebugWithoutBuild|Any CPU.ActiveCfg = DebugWithoutBuild|Any CPU
		{FB8C8E5E-05EB-4583-B83C-61C80C1CF973}.DebugWithoutBuild|Any CPU.Build.0 = DebugWithoutBuild|Any CPU
		{FB8C8E5E-05EB-4583-B83C-61C80C1CF973}.Release|Any CPU.ActiveCfg = Release|Any CPU
		{FB8C8E5E-05EB-4583-B83C-61C80C1CF973}.Release|Any CPU.Build.0 = Release|Any CPU
		{C458B7EA-6BFB-4C2F-A3DC-485B452C0F0E}.Acceptatie|Any CPU.ActiveCfg = Acceptatie|Any CPU
		{C458B7EA-6BFB-4C2F-A3DC-485B452C0F0E}.Acceptatie|Any CPU.Build.0 = Acceptatie|Any CPU
		{C458B7EA-6BFB-4C2F-A3DC-485B452C0F0E}.Debug|Any CPU.ActiveCfg = Debug|Any CPU
		{C458B7EA-6BFB-4C2F-A3DC-485B452C0F0E}.Debug|Any CPU.Build.0 = Debug|Any CPU
		{C458B7EA-6BFB-4C2F-A3DC-485B452C0F0E}.DebugWithoutBuild|Any CPU.ActiveCfg = DebugWithoutBuild|Any CPU
		{C458B7EA-6BFB-4C2F-A3DC-485B452C0F0E}.DebugWithoutBuild|Any CPU.Build.0 = DebugWithoutBuild|Any CPU
		{C458B7EA-6BFB-4C2F-A3DC-485B452C0F0E}.Release|Any CPU.ActiveCfg = Release|Any CPU
		{C458B7EA-6BFB-4C2F-A3DC-485B452C0F0E}.Release|Any CPU.Build.0 = Release|Any CPU
		{53C3C7B8-4E84-4A7F-BDD5-471B3B946289}.Acceptatie|Any CPU.ActiveCfg = Acceptatie|Any CPU
		{53C3C7B8-4E84-4A7F-BDD5-471B3B946289}.Acceptatie|Any CPU.Build.0 = Acceptatie|Any CPU
		{53C3C7B8-4E84-4A7F-BDD5-471B3B946289}.Debug|Any CPU.ActiveCfg = Debug|Any CPU
		{53C3C7B8-4E84-4A7F-BDD5-471B3B946289}.Debug|Any CPU.Build.0 = Debug|Any CPU
		{53C3C7B8-4E84-4A7F-BDD5-471B3B946289}.DebugWithoutBuild|Any CPU.ActiveCfg = DebugWithoutBuild|Any CPU
		{53C3C7B8-4E84-4A7F-BDD5-471B3B946289}.DebugWithoutBuild|Any CPU.Build.0 = DebugWithoutBuild|Any CPU
		{53C3C7B8-4E84-4A7F-BDD5-471B3B946289}.Release|Any CPU.ActiveCfg = Release|Any CPU
		{53C3C7B8-4E84-4A7F-BDD5-471B3B946289}.Release|Any CPU.Build.0 = Release|Any CPU
		{1B0325D0-D374-4EB1-ABE7-13A77C885F14}.Acceptatie|Any CPU.ActiveCfg = Acceptatie|Any CPU
		{1B0325D0-D374-4EB1-ABE7-13A77C885F14}.Acceptatie|Any CPU.Build.0 = Acceptatie|Any CPU
		{1B0325D0-D374-4EB1-ABE7-13A77C885F14}.Debug|Any CPU.ActiveCfg = Debug|Any CPU
		{1B0325D0-D374-4EB1-ABE7-13A77C885F14}.Debug|Any CPU.Build.0 = Debug|Any CPU
		{1B0325D0-D374-4EB1-ABE7-13A77C885F14}.DebugWithoutBuild|Any CPU.ActiveCfg = DebugWithoutBuild|Any CPU
		{1B0325D0-D374-4EB1-ABE7-13A77C885F14}.DebugWithoutBuild|Any CPU.Build.0 = DebugWithoutBuild|Any CPU
		{1B0325D0-D374-4EB1-ABE7-13A77C885F14}.Release|Any CPU.ActiveCfg = Release|Any CPU
		{1B0325D0-D374-4EB1-ABE7-13A77C885F14}.Release|Any CPU.Build.0 = Release|Any CPU
		{495EEFFC-6B29-42BA-BC94-FC745FC00ABE}.Acceptatie|Any CPU.ActiveCfg = Acceptatie|Any CPU
		{495EEFFC-6B29-42BA-BC94-FC745FC00ABE}.Acceptatie|Any CPU.Build.0 = Acceptatie|Any CPU
		{495EEFFC-6B29-42BA-BC94-FC745FC00ABE}.Debug|Any CPU.ActiveCfg = Debug|Any CPU
		{495EEFFC-6B29-42BA-BC94-FC745FC00ABE}.Debug|Any CPU.Build.0 = Debug|Any CPU
		{495EEFFC-6B29-42BA-BC94-FC745FC00ABE}.DebugWithoutBuild|Any CPU.ActiveCfg = DebugWithoutBuild|Any CPU
		{495EEFFC-6B29-42BA-BC94-FC745FC00ABE}.DebugWithoutBuild|Any CPU.Build.0 = DebugWithoutBuild|Any CPU
		{495EEFFC-6B29-42BA-BC94-FC745FC00ABE}.Release|Any CPU.ActiveCfg = Release|Any CPU
		{495EEFFC-6B29-42BA-BC94-FC745FC00ABE}.Release|Any CPU.Build.0 = Release|Any CPU
		{2742240D-A070-44A7-8560-8C8BA25A1C7B}.Acceptatie|Any CPU.ActiveCfg = Acceptatie|Any CPU
		{2742240D-A070-44A7-8560-8C8BA25A1C7B}.Acceptatie|Any CPU.Build.0 = Acceptatie|Any CPU
		{2742240D-A070-44A7-8560-8C8BA25A1C7B}.Debug|Any CPU.ActiveCfg = Debug|Any CPU
		{2742240D-A070-44A7-8560-8C8BA25A1C7B}.Debug|Any CPU.Build.0 = Debug|Any CPU
		{2742240D-A070-44A7-8560-8C8BA25A1C7B}.DebugWithoutBuild|Any CPU.ActiveCfg = DebugWithoutBuild|Any CPU
		{2742240D-A070-44A7-8560-8C8BA25A1C7B}.DebugWithoutBuild|Any CPU.Build.0 = DebugWithoutBuild|Any CPU
		{2742240D-A070-44A7-8560-8C8BA25A1C7B}.Release|Any CPU.ActiveCfg = Release|Any CPU
		{2742240D-A070-44A7-8560-8C8BA25A1C7B}.Release|Any CPU.Build.0 = Release|Any CPU
		{BE21D871-9ECD-49AD-A204-9E4AAEFC96F4}.Acceptatie|Any CPU.ActiveCfg = Release|Any CPU
		{BE21D871-9ECD-49AD-A204-9E4AAEFC96F4}.Acceptatie|Any CPU.Build.0 = Release|Any CPU
		{BE21D871-9ECD-49AD-A204-9E4AAEFC96F4}.Debug|Any CPU.ActiveCfg = Debug|Any CPU
		{BE21D871-9ECD-49AD-A204-9E4AAEFC96F4}.Debug|Any CPU.Build.0 = Debug|Any CPU
		{BE21D871-9ECD-49AD-A204-9E4AAEFC96F4}.DebugWithoutBuild|Any CPU.ActiveCfg = DebugWithoudBuild|Any CPU
		{BE21D871-9ECD-49AD-A204-9E4AAEFC96F4}.DebugWithoutBuild|Any CPU.Build.0 = DebugWithoudBuild|Any CPU
		{BE21D871-9ECD-49AD-A204-9E4AAEFC96F4}.Release|Any CPU.ActiveCfg = Release|Any CPU
		{BE21D871-9ECD-49AD-A204-9E4AAEFC96F4}.Release|Any CPU.Build.0 = Release|Any CPU
	EndGlobalSection
	GlobalSection(SolutionProperties) = preSolution
		HideSolutionNode = FALSE
	EndGlobalSection
EndGlobal
