
Microsoft Visual Studio Solution File, Format Version 12.00
# Visual Studio 14
VisualStudioVersion = 14.0.24720.0
MinimumVisualStudioVersion = 10.0.40219.1
Project("{FAE04EC0-301F-11D3-BF4B-00C04F79EFBC}") = "01 - Schema", "Case3.FEWebwinkel.Schema\01 - Schema.csproj", "{2A4B79E8-2E92-4E56-90EB-BC9B66D6373E}"
EndProject
Project("{FAE04EC0-301F-11D3-BF4B-00C04F79EFBC}") = "02 - Agent", "Case3.FEWebwinkel.Agent\02 - Agent.csproj", "{4EE01468-F2CF-4244-ACDB-667440989277}"
EndProject
Project("{FAE04EC0-301F-11D3-BF4B-00C04F79EFBC}") = "04 - Site", "Case3.FEWebwinkel.Site\04 - Site.csproj", "{D73DDE36-CA60-4378-8D2A-8D271367B51A}"
EndProject
Project("{FAE04EC0-301F-11D3-BF4B-00C04F79EFBC}") = "05 - Site.Tests", "Case3.FEWebwinkel.Site.Tests\05 - Site.Tests.csproj", "{3D855DC3-1821-42AA-922F-3E5A7BEA3507}"
EndProject
Project("{FAE04EC0-301F-11D3-BF4B-00C04F79EFBC}") = "06 - DAL", "Case3.FEWebwinkel.DAL\06 - DAL.csproj", "{3CE4AB65-BA38-4A71-9B02-F4B1C0BF3056}"
EndProject
Project("{FAE04EC0-301F-11D3-BF4B-00C04F79EFBC}") = "03 - Agent.Tests", "Case3.FEWebwinkel.Agent.Tests\03 - Agent.Tests.csproj", "{B72AA77D-870C-4811-8B43-4F0C60272EFC}"
EndProject
Project("{FAE04EC0-301F-11D3-BF4B-00C04F79EFBC}") = "07 - DAL.Tests", "Case3.FEWebwinkel.DAL.Tests\07 - DAL.Tests.csproj", "{9D05D69C-91F5-41DD-B635-8835CF1F108A}"
EndProject
Global
	GlobalSection(SolutionConfigurationPlatforms) = preSolution
		Debug|Any CPU = Debug|Any CPU
		Release|Any CPU = Release|Any CPU
	EndGlobalSection
	GlobalSection(ProjectConfigurationPlatforms) = postSolution
		{2A4B79E8-2E92-4E56-90EB-BC9B66D6373E}.Debug|Any CPU.ActiveCfg = Debug|Any CPU
		{2A4B79E8-2E92-4E56-90EB-BC9B66D6373E}.Debug|Any CPU.Build.0 = Debug|Any CPU
		{2A4B79E8-2E92-4E56-90EB-BC9B66D6373E}.Release|Any CPU.ActiveCfg = Release|Any CPU
		{2A4B79E8-2E92-4E56-90EB-BC9B66D6373E}.Release|Any CPU.Build.0 = Release|Any CPU
		{4EE01468-F2CF-4244-ACDB-667440989277}.Debug|Any CPU.ActiveCfg = Debug|Any CPU
		{4EE01468-F2CF-4244-ACDB-667440989277}.Debug|Any CPU.Build.0 = Debug|Any CPU
		{4EE01468-F2CF-4244-ACDB-667440989277}.Release|Any CPU.ActiveCfg = Release|Any CPU
		{4EE01468-F2CF-4244-ACDB-667440989277}.Release|Any CPU.Build.0 = Release|Any CPU
		{D73DDE36-CA60-4378-8D2A-8D271367B51A}.Debug|Any CPU.ActiveCfg = Debug|Any CPU
		{D73DDE36-CA60-4378-8D2A-8D271367B51A}.Debug|Any CPU.Build.0 = Debug|Any CPU
		{D73DDE36-CA60-4378-8D2A-8D271367B51A}.Release|Any CPU.ActiveCfg = Release|Any CPU
		{D73DDE36-CA60-4378-8D2A-8D271367B51A}.Release|Any CPU.Build.0 = Release|Any CPU
		{3D855DC3-1821-42AA-922F-3E5A7BEA3507}.Debug|Any CPU.ActiveCfg = Debug|Any CPU
		{3D855DC3-1821-42AA-922F-3E5A7BEA3507}.Debug|Any CPU.Build.0 = Debug|Any CPU
		{3D855DC3-1821-42AA-922F-3E5A7BEA3507}.Release|Any CPU.ActiveCfg = Release|Any CPU
		{3D855DC3-1821-42AA-922F-3E5A7BEA3507}.Release|Any CPU.Build.0 = Release|Any CPU
		{3CE4AB65-BA38-4A71-9B02-F4B1C0BF3056}.Debug|Any CPU.ActiveCfg = Debug|Any CPU
		{3CE4AB65-BA38-4A71-9B02-F4B1C0BF3056}.Debug|Any CPU.Build.0 = Debug|Any CPU
		{3CE4AB65-BA38-4A71-9B02-F4B1C0BF3056}.Release|Any CPU.ActiveCfg = Release|Any CPU
		{3CE4AB65-BA38-4A71-9B02-F4B1C0BF3056}.Release|Any CPU.Build.0 = Release|Any CPU
		{B72AA77D-870C-4811-8B43-4F0C60272EFC}.Debug|Any CPU.ActiveCfg = Debug|Any CPU
		{B72AA77D-870C-4811-8B43-4F0C60272EFC}.Debug|Any CPU.Build.0 = Debug|Any CPU
		{B72AA77D-870C-4811-8B43-4F0C60272EFC}.Release|Any CPU.ActiveCfg = Release|Any CPU
		{B72AA77D-870C-4811-8B43-4F0C60272EFC}.Release|Any CPU.Build.0 = Release|Any CPU
		{9D05D69C-91F5-41DD-B635-8835CF1F108A}.Debug|Any CPU.ActiveCfg = Debug|Any CPU
		{9D05D69C-91F5-41DD-B635-8835CF1F108A}.Debug|Any CPU.Build.0 = Debug|Any CPU
		{9D05D69C-91F5-41DD-B635-8835CF1F108A}.Release|Any CPU.ActiveCfg = Release|Any CPU
		{9D05D69C-91F5-41DD-B635-8835CF1F108A}.Release|Any CPU.Build.0 = Release|Any CPU
	EndGlobalSection
	GlobalSection(SolutionProperties) = preSolution
		HideSolutionNode = FALSE
	EndGlobalSection
EndGlobal
